Microsoft Visual Studio Solution File, Format Version 12.00
# Visual Studio Version 17
VisualStudioVersion = 17.5.2.0
MinimumVisualStudioVersion = 10.0.40219.1
Project("{FAE04EC0-301F-11D3-BF4B-00C04F79EFBC}") = "LiviaSMTCTest", "livia-windows\LiviaSMTCTest.csproj", "{069EC790-CE21-2A9A-3DDF-5D1E16BD714B}"
EndProject
Global
	GlobalSection(SolutionConfigurationPlatforms) = preSolution
		Debug|Any CPU = Debug|Any CPU
		Release|Any CPU = Release|Any CPU
	EndGlobalSection
	GlobalSection(ProjectConfigurationPlatforms) = postSolution
		{069EC790-CE21-2A9A-3DDF-5D1E16BD714B}.Debug|Any CPU.ActiveCfg = Debug|Any CPU
		{069EC790-CE21-2A9A-3DDF-5D1E16BD714B}.Debug|Any CPU.Build.0 = Debug|Any CPU
		{069EC790-CE21-2A9A-3DDF-5D1E16BD714B}.Release|Any CPU.ActiveCfg = Release|Any CPU
		{069EC790-CE21-2A9A-3DDF-5D1E16BD714B}.Release|Any CPU.Build.0 = Release|Any CPU
	EndGlobalSection
	GlobalSection(SolutionProperties) = preSolution
		HideSolutionNode = FALSE
	EndGlobalSection
	GlobalSection(ExtensibilityGlobals) = postSolution
		SolutionGuid = {10277453-E173-4016-89E6-9028D6A45451}
	EndGlobalSection
EndGlobal
